
Microsoft Visual Studio Solution File, Format Version 12.00
# Visual Studio Version 16
VisualStudioVersion = 16.0.30717.126
MinimumVisualStudioVersion = 10.0.40219.1
Project("{8BC9CEB8-8B4A-11D0-8D11-00A0C91BC942}") = "class_vs", "class_vs\class_vs.vcxproj", "{18F89DDA-CB2C-431E-BB8C-11F43503C101}"
EndProject
Project("{8BC9CEB8-8B4A-11D0-8D11-00A0C91BC942}") = "class_cpp", "class_cpp\class_cpp.vcxproj", "{6D2D926E-D9D6-4BBC-AD3B-F9037FC8141C}"
EndProject
Project("{8BC9CEB8-8B4A-11D0-8D11-00A0C91BC942}") = "class_thread", "class_thread\class_thread.vcxproj", "{FF76C8E6-97B5-45F3-8923-92A8A9BA290C}"
EndProject
Project("{8BC9CEB8-8B4A-11D0-8D11-00A0C91BC942}") = "class_server", "class_server\class_server.vcxproj", "{AB88F123-4DFF-4253-897B-9ACE28BE7111}"
EndProject
Project("{8BC9CEB8-8B4A-11D0-8D11-00A0C91BC942}") = "class_udp_server", "class_udp_server\class_udp_server.vcxproj", "{0B82D279-03E9-4012-988D-6C9FCC25294A}"
EndProject
Project("{8BC9CEB8-8B4A-11D0-8D11-00A0C91BC942}") = "class_udp_client", "class_udp_client\class_udp_client.vcxproj", "{3998AE7A-D122-4DB2-9887-DB65E25EAC73}"
EndProject
Global
	GlobalSection(SolutionConfigurationPlatforms) = preSolution
		Debug|x64 = Debug|x64
		Debug|x86 = Debug|x86
		Release|x64 = Release|x64
		Release|x86 = Release|x86
	EndGlobalSection
	GlobalSection(ProjectConfigurationPlatforms) = postSolution
		{18F89DDA-CB2C-431E-BB8C-11F43503C101}.Debug|x64.ActiveCfg = Debug|x64
		{18F89DDA-CB2C-431E-BB8C-11F43503C101}.Debug|x64.Build.0 = Debug|x64
		{18F89DDA-CB2C-431E-BB8C-11F43503C101}.Debug|x86.ActiveCfg = Debug|Win32
		{18F89DDA-CB2C-431E-BB8C-11F43503C101}.Debug|x86.Build.0 = Debug|Win32
		{18F89DDA-CB2C-431E-BB8C-11F43503C101}.Release|x64.ActiveCfg = Release|x64
		{18F89DDA-CB2C-431E-BB8C-11F43503C101}.Release|x64.Build.0 = Release|x64
		{18F89DDA-CB2C-431E-BB8C-11F43503C101}.Release|x86.ActiveCfg = Release|Win32
		{18F89DDA-CB2C-431E-BB8C-11F43503C101}.Release|x86.Build.0 = Release|Win32
		{6D2D926E-D9D6-4BBC-AD3B-F9037FC8141C}.Debug|x64.ActiveCfg = Debug|x64
		{6D2D926E-D9D6-4BBC-AD3B-F9037FC8141C}.Debug|x64.Build.0 = Debug|x64
		{6D2D926E-D9D6-4BBC-AD3B-F9037FC8141C}.Debug|x86.ActiveCfg = Debug|Win32
		{6D2D926E-D9D6-4BBC-AD3B-F9037FC8141C}.Debug|x86.Build.0 = Debug|Win32
		{6D2D926E-D9D6-4BBC-AD3B-F9037FC8141C}.Release|x64.ActiveCfg = Release|x64
		{6D2D926E-D9D6-4BBC-AD3B-F9037FC8141C}.Release|x64.Build.0 = Release|x64
		{6D2D926E-D9D6-4BBC-AD3B-F9037FC8141C}.Release|x86.ActiveCfg = Release|Win32
		{6D2D926E-D9D6-4BBC-AD3B-F9037FC8141C}.Release|x86.Build.0 = Release|Win32
		{FF76C8E6-97B5-45F3-8923-92A8A9BA290C}.Debug|x64.ActiveCfg = Debug|x64
		{FF76C8E6-97B5-45F3-8923-92A8A9BA290C}.Debug|x64.Build.0 = Debug|x64
		{FF76C8E6-97B5-45F3-8923-92A8A9BA290C}.Debug|x86.ActiveCfg = Debug|Win32
		{FF76C8E6-97B5-45F3-8923-92A8A9BA290C}.Debug|x86.Build.0 = Debug|Win32
		{FF76C8E6-97B5-45F3-8923-92A8A9BA290C}.Release|x64.ActiveCfg = Release|x64
		{FF76C8E6-97B5-45F3-8923-92A8A9BA290C}.Release|x64.Build.0 = Release|x64
		{FF76C8E6-97B5-45F3-8923-92A8A9BA290C}.Release|x86.ActiveCfg = Release|Win32
		{FF76C8E6-97B5-45F3-8923-92A8A9BA290C}.Release|x86.Build.0 = Release|Win32
		{AB88F123-4DFF-4253-897B-9ACE28BE7111}.Debug|x64.ActiveCfg = Debug|x64
		{AB88F123-4DFF-4253-897B-9ACE28BE7111}.Debug|x64.Build.0 = Debug|x64
		{AB88F123-4DFF-4253-897B-9ACE28BE7111}.Debug|x86.ActiveCfg = Debug|Win32
		{AB88F123-4DFF-4253-897B-9ACE28BE7111}.Debug|x86.Build.0 = Debug|Win32
		{AB88F123-4DFF-4253-897B-9ACE28BE7111}.Release|x64.ActiveCfg = Release|x64
		{AB88F123-4DFF-4253-897B-9ACE28BE7111}.Release|x64.Build.0 = Release|x64
		{AB88F123-4DFF-4253-897B-9ACE28BE7111}.Release|x86.ActiveCfg = Release|Win32
		{AB88F123-4DFF-4253-897B-9ACE28BE7111}.Release|x86.Build.0 = Release|Win32
		{0B82D279-03E9-4012-988D-6C9FCC25294A}.Debug|x64.ActiveCfg = Debug|x64
		{0B82D279-03E9-4012-988D-6C9FCC25294A}.Debug|x64.Build.0 = Debug|x64
		{0B82D279-03E9-4012-988D-6C9FCC25294A}.Debug|x86.ActiveCfg = Debug|Win32
		{0B82D279-03E9-4012-988D-6C9FCC25294A}.Debug|x86.Build.0 = Debug|Win32
		{0B82D279-03E9-4012-988D-6C9FCC25294A}.Release|x64.ActiveCfg = Release|x64
		{0B82D279-03E9-4012-988D-6C9FCC25294A}.Release|x64.Build.0 = Release|x64
		{0B82D279-03E9-4012-988D-6C9FCC25294A}.Release|x86.ActiveCfg = Release|Win32
		{0B82D279-03E9-4012-988D-6C9FCC25294A}.Release|x86.Build.0 = Release|Win32
		{3998AE7A-D122-4DB2-9887-DB65E25EAC73}.Debug|x64.ActiveCfg = Debug|x64
		{3998AE7A-D122-4DB2-9887-DB65E25EAC73}.Debug|x64.Build.0 = Debug|x64
		{3998AE7A-D122-4DB2-9887-DB65E25EAC73}.Debug|x86.ActiveCfg = Debug|Win32
		{3998AE7A-D122-4DB2-9887-DB65E25EAC73}.Debug|x86.Build.0 = Debug|Win32
		{3998AE7A-D122-4DB2-9887-DB65E25EAC73}.Release|x64.ActiveCfg = Release|x64
		{3998AE7A-D122-4DB2-9887-DB65E25EAC73}.Release|x64.Build.0 = Release|x64
		{3998AE7A-D122-4DB2-9887-DB65E25EAC73}.Release|x86.ActiveCfg = Release|Win32
		{3998AE7A-D122-4DB2-9887-DB65E25EAC73}.Release|x86.Build.0 = Release|Win32
	EndGlobalSection
	GlobalSection(SolutionProperties) = preSolution
		HideSolutionNode = FALSE
	EndGlobalSection
	GlobalSection(ExtensibilityGlobals) = postSolution
		SolutionGuid = {08D4DD11-ED3E-4909-9956-C29EB41A2FE2}
	EndGlobalSection
EndGlobal
